
Microsoft Visual Studio Solution File, Format Version 12.00
# Visual Studio Version 17
VisualStudioVersion = 17.0.32112.339
MinimumVisualStudioVersion = 10.0.40219.1
Project("{8BC9CEB8-8B4A-11D0-8D11-00A0C91BC942}") = "Lab_1", "Lab1\Lab1.vcxproj", "{AF266C85-9DCC-4767-B1D0-40FF443EA330}"
EndProject
Project("{8BC9CEB8-8B4A-11D0-8D11-00A0C91BC942}") = "Lab_2", "Lab2\Lab2.vcxproj", "{4554A77C-BEA1-4A66-B654-16BD5F834DBF}"
EndProject
Project("{8BC9CEB8-8B4A-11D0-8D11-00A0C91BC942}") = "Lab_3.1", "Lab3\Lab3.vcxproj", "{EF6F17BD-7D22-4A51-B2F5-9A0FE5A2FF32}"
EndProject
Project("{8BC9CEB8-8B4A-11D0-8D11-00A0C91BC942}") = "Lab_3.2", "Lab3.2\Lab3.2.vcxproj", "{80D8BB03-3448-4774-9F4D-149482A858CE}"
EndProject
Project("{8BC9CEB8-8B4A-11D0-8D11-00A0C91BC942}") = "Lab_3.3", "Lab3.3\Lab3.3.vcxproj", "{8B6A1357-95D9-4571-82A3-23026F531A4A}"
EndProject
Project("{2150E333-8FDC-42A3-9474-1A3956D46DE8}") = "Lab1", "Lab1", "{10B759F3-3252-4850-A864-E06871CF4495}"
EndProject
Project("{2150E333-8FDC-42A3-9474-1A3956D46DE8}") = "Lab2", "Lab2", "{2E3A0E25-0861-4326-BE5F-D9286AA2DA86}"
EndProject
Project("{2150E333-8FDC-42A3-9474-1A3956D46DE8}") = "Lab3", "Lab3", "{F4FE6EEF-E305-481E-B679-F3B0951F7E52}"
EndProject
Project("{2150E333-8FDC-42A3-9474-1A3956D46DE8}") = "Lab4", "Lab4", "{BF4D40E3-BA78-4EE9-8B4E-6C694C7EEB56}"
EndProject
Project("{2150E333-8FDC-42A3-9474-1A3956D46DE8}") = "Lab5", "Lab5", "{3DCEABCD-E544-478A-B811-0A586FEA9BF4}"
EndProject
Global
	GlobalSection(SolutionConfigurationPlatforms) = preSolution
		Debug|x64 = Debug|x64
		Debug|x86 = Debug|x86
		Release|x64 = Release|x64
		Release|x86 = Release|x86
	EndGlobalSection
	GlobalSection(ProjectConfigurationPlatforms) = postSolution
		{AF266C85-9DCC-4767-B1D0-40FF443EA330}.Debug|x64.ActiveCfg = Debug|x64
		{AF266C85-9DCC-4767-B1D0-40FF443EA330}.Debug|x64.Build.0 = Debug|x64
		{AF266C85-9DCC-4767-B1D0-40FF443EA330}.Debug|x86.ActiveCfg = Debug|Win32
		{AF266C85-9DCC-4767-B1D0-40FF443EA330}.Debug|x86.Build.0 = Debug|Win32
		{AF266C85-9DCC-4767-B1D0-40FF443EA330}.Release|x64.ActiveCfg = Release|x64
		{AF266C85-9DCC-4767-B1D0-40FF443EA330}.Release|x64.Build.0 = Release|x64
		{AF266C85-9DCC-4767-B1D0-40FF443EA330}.Release|x86.ActiveCfg = Release|Win32
		{AF266C85-9DCC-4767-B1D0-40FF443EA330}.Release|x86.Build.0 = Release|Win32
		{4554A77C-BEA1-4A66-B654-16BD5F834DBF}.Debug|x64.ActiveCfg = Debug|x64
		{4554A77C-BEA1-4A66-B654-16BD5F834DBF}.Debug|x64.Build.0 = Debug|x64
		{4554A77C-BEA1-4A66-B654-16BD5F834DBF}.Debug|x86.ActiveCfg = Debug|Win32
		{4554A77C-BEA1-4A66-B654-16BD5F834DBF}.Debug|x86.Build.0 = Debug|Win32
		{4554A77C-BEA1-4A66-B654-16BD5F834DBF}.Release|x64.ActiveCfg = Release|x64
		{4554A77C-BEA1-4A66-B654-16BD5F834DBF}.Release|x64.Build.0 = Release|x64
		{4554A77C-BEA1-4A66-B654-16BD5F834DBF}.Release|x86.ActiveCfg = Release|Win32
		{4554A77C-BEA1-4A66-B654-16BD5F834DBF}.Release|x86.Build.0 = Release|Win32
		{EF6F17BD-7D22-4A51-B2F5-9A0FE5A2FF32}.Debug|x64.ActiveCfg = Debug|x64
		{EF6F17BD-7D22-4A51-B2F5-9A0FE5A2FF32}.Debug|x64.Build.0 = Debug|x64
		{EF6F17BD-7D22-4A51-B2F5-9A0FE5A2FF32}.Debug|x86.ActiveCfg = Debug|Win32
		{EF6F17BD-7D22-4A51-B2F5-9A0FE5A2FF32}.Debug|x86.Build.0 = Debug|Win32
		{EF6F17BD-7D22-4A51-B2F5-9A0FE5A2FF32}.Release|x64.ActiveCfg = Release|x64
		{EF6F17BD-7D22-4A51-B2F5-9A0FE5A2FF32}.Release|x64.Build.0 = Release|x64
		{EF6F17BD-7D22-4A51-B2F5-9A0FE5A2FF32}.Release|x86.ActiveCfg = Release|Win32
		{EF6F17BD-7D22-4A51-B2F5-9A0FE5A2FF32}.Release|x86.Build.0 = Release|Win32
		{80D8BB03-3448-4774-9F4D-149482A858CE}.Debug|x64.ActiveCfg = Debug|x64
		{80D8BB03-3448-4774-9F4D-149482A858CE}.Debug|x64.Build.0 = Debug|x64
		{80D8BB03-3448-4774-9F4D-149482A858CE}.Debug|x86.ActiveCfg = Debug|Win32
		{80D8BB03-3448-4774-9F4D-149482A858CE}.Debug|x86.Build.0 = Debug|Win32
		{80D8BB03-3448-4774-9F4D-149482A858CE}.Release|x64.ActiveCfg = Release|x64
		{80D8BB03-3448-4774-9F4D-149482A858CE}.Release|x64.Build.0 = Release|x64
		{80D8BB03-3448-4774-9F4D-149482A858CE}.Release|x86.ActiveCfg = Release|Win32
		{80D8BB03-3448-4774-9F4D-149482A858CE}.Release|x86.Build.0 = Release|Win32
		{8B6A1357-95D9-4571-82A3-23026F531A4A}.Debug|x64.ActiveCfg = Debug|x64
		{8B6A1357-95D9-4571-82A3-23026F531A4A}.Debug|x64.Build.0 = Debug|x64
		{8B6A1357-95D9-4571-82A3-23026F531A4A}.Debug|x86.ActiveCfg = Debug|Win32
		{8B6A1357-95D9-4571-82A3-23026F531A4A}.Debug|x86.Build.0 = Debug|Win32
		{8B6A1357-95D9-4571-82A3-23026F531A4A}.Release|x64.ActiveCfg = Release|x64
		{8B6A1357-95D9-4571-82A3-23026F531A4A}.Release|x64.Build.0 = Release|x64
		{8B6A1357-95D9-4571-82A3-23026F531A4A}.Release|x86.ActiveCfg = Release|Win32
		{8B6A1357-95D9-4571-82A3-23026F531A4A}.Release|x86.Build.0 = Release|Win32
	EndGlobalSection
	GlobalSection(SolutionProperties) = preSolution
		HideSolutionNode = FALSE
	EndGlobalSection
	GlobalSection(NestedProjects) = preSolution
		{AF266C85-9DCC-4767-B1D0-40FF443EA330} = {10B759F3-3252-4850-A864-E06871CF4495}
		{4554A77C-BEA1-4A66-B654-16BD5F834DBF} = {2E3A0E25-0861-4326-BE5F-D9286AA2DA86}
		{EF6F17BD-7D22-4A51-B2F5-9A0FE5A2FF32} = {F4FE6EEF-E305-481E-B679-F3B0951F7E52}
		{80D8BB03-3448-4774-9F4D-149482A858CE} = {F4FE6EEF-E305-481E-B679-F3B0951F7E52}
		{8B6A1357-95D9-4571-82A3-23026F531A4A} = {F4FE6EEF-E305-481E-B679-F3B0951F7E52}
	EndGlobalSection
	GlobalSection(ExtensibilityGlobals) = postSolution
		SolutionGuid = {3DBCFE4D-E1D7-433E-9F4D-26917EF99768}
	EndGlobalSection
EndGlobal
